
Microsoft Visual Studio Solution File, Format Version 12.00
# Visual Studio 15
VisualStudioVersion = 15.0.27703.2035
MinimumVisualStudioVersion = 10.0.40219.1
Project("{9A19103F-16F7-4668-BE54-9A1E7A4F7556}") = "myMicroservice", "myMicroservice.csproj", "{CD6FF864-E3AF-4F3C-BE8A-AC6A19D29F24}"
EndProject
Global
	GlobalSection(SolutionConfigurationPlatforms) = preSolution
		Debug|Any CPU = Debug|Any CPU
		Release|Any CPU = Release|Any CPU
	EndGlobalSection
	GlobalSection(ProjectConfigurationPlatforms) = postSolution
		{CD6FF864-E3AF-4F3C-BE8A-AC6A19D29F24}.Debug|Any CPU.ActiveCfg = Debug|Any CPU
		{CD6FF864-E3AF-4F3C-BE8A-AC6A19D29F24}.Debug|Any CPU.Build.0 = Debug|Any CPU
		{CD6FF864-E3AF-4F3C-BE8A-AC6A19D29F24}.Release|Any CPU.ActiveCfg = Release|Any CPU
		{CD6FF864-E3AF-4F3C-BE8A-AC6A19D29F24}.Release|Any CPU.Build.0 = Release|Any CPU
	EndGlobalSection
	GlobalSection(SolutionProperties) = preSolution
		HideSolutionNode = FALSE
	EndGlobalSection
	GlobalSection(ExtensibilityGlobals) = postSolution
		SolutionGuid = {6511DBE3-D0FC-44D7-BD00-62DFA00ADAB5}
	EndGlobalSection
EndGlobal
